github.com/MichaelTJones/walk v0.0.0-20140707193007-3af09438b0ab/go.mod h1:VVwKsx9Dc8rNG55BWqogoJzGubjKnRoXdUvpGbWqeCc=
github.com/alexflint/go-arg v1.3.0 h1:UfldqSdFWeLtoOuVRosqofU4nmhI1pYEbT4ZFS34Bdo=
github.com/alexflint/go-arg v1.3.0/go.mod h1:9iRbDxne7LcR/GSvEr7ma++GLpdIU1zrghf2y2768kM=
github.com/alexflint/go-arg v1.3.1-0.20200927162824-b91c03d2c6c9 h1:TJl+/w/k2cwXh/GjNNzs1T/U0eVhVwSDWhPu19jZpko=
github.com/alexflint/go-arg v1.3.1-0.20200927162824-b91c03d2c6c9/go.mod h1:9iRbDxne7LcR/GSvEr7ma++GLpdIU1zrghf2y2768kM=
github.com/alexflint/go-scalar v1.0.0 h1:NGupf1XV/Xb04wXskDFzS0KWOLH632W/EO4fAFi+A70=
github.com/alexflint/go-scalar v1.0.0/go.mod h1:GpHzbCOZXEKMEcygYQ5n/aa4Aq84zbxjy3MxYW0gjYw=
github.com/cenkalti/backoff v1.0.0 h1:2XeuDgvPv/6QDyzIuxb6n36ADVocyqTLlOSpYBGYtvM=
github.com/cenkalti/backoff v1.0.0/go.mod h1:90ReRw6GdpyfrHakVjL/QHaoyV4aDUVVkXQJJJ3NXXM=
github.com/davecgh/go-spew v1.1.0 h1:ZDRjVQ15GmhC3fiQ8ni8+OwkZQO4DARzQgrnXU1Liz8=
github.com/davecgh/go-spew v1.1.0/go.mod h1:J7Y8YcW2NihsgmVo/mv3lAwl/skON4iLHjSsI+c5H38=
github.com/davecgh/go-spew v1.1.1/go.mod h1:J7Y8YcW2NihsgmVo/mv3lAwl/skON4iLHjSsI+c5H38=
github.com/garyburd/redigo v1.0.0 h1:W6d6zr96WMrMxQws1I4sc7rrJ1dbQK5KrC+NwH0ReTM=
github.com/garyburd/redigo v1.0.0/go.mod h1:NR3MbYisc3/PwhQ00EMzDiPmrwpPxAn5GI05/YaO1SY=
github.com/howeyc/gopass v0.0.0-20160303200116-66487b23f288/go.mod h1:lADxMC39cJJqL93Duh1xhAs4I2Zs8mKS89XWXFGp9cs=
github.com/imdario/mergo v0.0.0-20171009183408-7fe0c75c13ab h1:k/Biv+LJL35wkk0Hveko1nj7as4tSHkHdZaNlzn/gcQ=
github.com/imdario/mergo v0.0.0-20171009183408-7fe0c75c13ab/go.mod h1:2EnlNZ0deacrJVfApfmtdGgDfMuh/nq6Ok1EcJh5FfA=
github.com/jessevdk/go-flags v1.4.0 h1:4IU2WS7AumrZ/40jfhf4QVDMsQwqA7VEHozFRrGARJA=
github.com/jessevdk/go-flags v1.4.0/go.mod h1:4FA24M0QyGHXBuZZK/XkWh8h0e1EYbRYJSGM75WSRxI=
github.com/jessevdk/go-flags v1.4.1-0.20200428200343-c7161c3bd74d h1:m6qgh+5weEsmNasioaIGgZ5ejWIP0ba3y7nMtWJrBbo=
github.com/jessevdk/go-flags v1.4.1-0.20200428200343-c7161c3bd74d/go.mod h1:4FA24M0QyGHXBuZZK/XkWh8h0e1EYbRYJSGM75WSRxI=
github.com/jessevdk/go-flags v1.4.1-0.20200711081900-c17162fe8fd7 h1:Ug59miTxVKVg5Oi2S5uHlKOIV5jBx4Hb2u0jIxxDaSs=
github.com/jessevdk/go-flags v1.4.1-0.20200711081900-c17162fe8fd7/go.mod h1:4FA24M0QyGHXBuZZK/XkWh8h0e1EYbRYJSGM75WSRxI=
github.com/jmoiron/sqlx v0.0.0-20180124204410-05cef0741ade h1:ryslCsfLTV4Cm/9NXqCJirlbYodWqFiTH454IaSn/fY=
github.com/jmoiron/sqlx v0.0.0-20180124204410-05cef0741ade/go.mod h1:IiEW3SEiiErVyFdH8NTuWjSifiEQKUoyK3LNqr2kCHU=
github.com/joho/godotenv v1.3.0 h1:Zjp+RcGpHhGlrMbJzXTrZZPrWj+1vfm90La1wgB6Bhc=
github.com/joho/godotenv v1.3.0/go.mod h1:7hK45KPybAkOC6peb+G5yklZfMxEjkZhHbwpqxOKXbg=
github.com/lib/pq v0.0.0-20170324204654-2704adc878c2 h1:2imqQk4oITdu2OSQcxO1A/yR6vftxSUI8iCQo8Ra4Jw=
github.com/lib/pq v0.0.0-20170324204654-2704adc878c2/go.mod h1:5WUZQaWbwv1U+lTReE5YruASi9Al49XbQIvNi/34Woo=
github.com/magefile/mage v1.10.0 h1:3HiXzCUY12kh9bIuyXShaVe529fJfyqoVM42o/uom2g=
github.com/magefile/mage v1.10.0/go.mod h1:z5UZb/iS3GoOSn0JgWuiw7dxlurVYTu+/jHXqQg881A=
github.com/mattn/go-colorable v0.0.5-0.20160512034114-e8a10ddc7d2a h1:5Um3tL2m17Ce84rXLxyeSim9o+/EPQcDyfBEv1/w4hY=
github.com/mattn/go-colorable v0.0.5-0.20160512034114-e8a10ddc7d2a/go.mod h1:9vuHe8Xs5qXnSaW/c/ABM9alt+Vo+STaOChaDxuIBZU=
github.com/mattn/go-isatty v0.0.2 h1:F+DnWktyadxnOrohKLNUC9/GjFii5RJgY4GFG6ilggw=
github.com/mattn/go-isatty v0.0.2/go.mod h1:M+lRXTBqGeGNdLjl/ufCoiOlB5xdOkqRJdNxMWT7Zi4=
github.com/mattn/go-runewidth v0.0.2 h1:UnlwIPBGaTZfPQ6T1IGzPI0EkYAQmT9fAEJ/poFC63o=
github.com/mattn/go-runewidth v0.0.2/go.mod h1:LwmH8dsx7+W8Uxz3IHJYH5QSwggIsqBzpuz5H//U1FU=
github.com/mgutz/ansi v0.0.0-20170206155736-9520e82c474b h1:j7+1HpAFS1zy5+Q4qx1fWh90gTKwiN4QCGoY9TWyyO4=
github.com/mgutz/ansi v0.0.0-20170206155736-9520e82c474b/go.mod h1:01TrycV0kFyexm33Z7vhZRXopbI8J3TDReVlkTgMUxE=
github.com/mgutz/configpipe v0.0.0-20180219173744-621b0622fab2 h1:J6d4p+PphT7ulYBQRrqeEsbCy6dmdjYuq1yU8v2vrkU=
github.com/mgutz/configpipe v0.0.0-20180219173744-621b0622fab2/go.mod h1:E4pmqT3UESEm3OjoPPRqyAdn6WkoPbJNLyGHEOaPRno=
github.com/mgutz/jo v1.0.2-0.20170408221135-30f73bff055d h1:lgmOamYPYJXyV998e2So/Auhz/5PEKn9UMQRBfkZmnE=
github.com/mgutz/jo v1.0.2-0.20170408221135-30f73bff055d/go.mod h1:N638tkDlOBlY8fcrY6JMX/homNKJqXr+nG3MVTYWffk=
github.com/mgutz/logxi v0.0.0-20170512181302-ccb6fd3c0762 h1:BuK4ul/5dfQ0udM+btX0bg1isupE43TWbfIZQB0ykzI=
github.com/mgutz/logxi v0.0.0-20170512181302-ccb6fd3c0762/go.mod h1:y1pL58r5z2VvAjeG1VLGc8zOQgSOzbKN7kMHPvFXJ+8=
github.com/mgutz/minimist v0.0.0-20151219120022-39eb8cf573ca/go.mod h1:CemPqfWh2DIz3wQET7z9z6N2niRz/HF2+cM/lIm3ieY=
github.com/mgutz/str v1.2.0 h1:4IzWSdIz9qPQWLfKZ0rJcV0jcUDpxvP4JVZ4GXQyvSw=
github.com/mgutz/str v1.2.0/go.mod h1:w1v0ofgLaJdoD0HpQ3fycxKD1WtxpjSo151pK/31q6w=
github.com/mgutz/to v1.0.0 h1:rMavw/T9DWwmjl7Vi/xrPjFu+yoN555DVDqJbjGmwDQ=
github.com/mgutz/to v1.0.0/go.mod h1:frEfNDHS+97/hJI/aqaT4Rm+utwYs1T7NLNUjxLk+N8=
github.com/mgutz/yaml v0.0.0-20161102181413-fa84835a5871 h1:kHbFVUrRd3F6fODogj7vZ0MSKRooY62NvRjDIwwEO5Q=
github.com/mgutz/yaml v0.0.0-20161102181413-fa84835a5871/go.mod h1:HPGQI7RISVLhqIp6o3V6T7X0B7SLB03KENYahbZNKyE=
github.com/mitchellh/go-homedir v0.0.0-20161203194507-b8bc1bf76747 h1:eQox4Rh4ewJF+mqYPxCkmBAirRnPaHEB26UkNuPyjlk=
github.com/mitchellh/go-homedir v0.0.0-20161203194507-b8bc1bf76747/go.mod h1:SfyaCUpYCn1Vlf4IUYiD9fPX4A5wJrkLzIz1N1q0pr0=
github.com/nahanni/go-ucl v0.0.0-20161122070711-3788fcf0dad8 h1:QhUADjKfyoddQbaXRvoTbTMj/e8Ny9/XS6HZhb5Z+Ws=
github.com/nahanni/go-ucl v0.0.0-20161122070711-3788fcf0dad8/go.mod h1:FjRoKfJF/G4qjefn8GEH5PyqhBF/dnW81y0Y9/htaFo=
github.com/nozzle/throttler v0.0.0-20150512200654-d9b45f19996c/go.mod h1:yKZQO8QE2bHlgozqWDiRVqTFlLQSj30K/6SAK8EeYFw=
github.com/olekukonko/tablewriter v0.0.0-20180130162743-b8a9be070da4 h1:Mm4XQCBICntJzH8fKglsRuEiFUJYnTnM4BBFvpP5BWs=
github.com/olekukonko/tablewriter v0.0.0-20180130162743-b8a9be070da4/go.mod h1:vsDQFd/mU46D+Z4whnwzcISnGGzXWMclvtLoiIKAKIo=
github.com/pmezard/go-difflib v1.0.0 h1:4DBwDE0NGyQoBHbLQYPwSUPoCMWR5BEzIk/f1lZbAQM=
github.com/pmezard/go-difflib v1.0.0/go.mod h1:iKH77koFhYxTK1pcRnkKkqfTogsbg7gZNVY4sRDYZ/4=
github.com/pmylund/go-cache v2.0.0+incompatible h1:5ZNJ3XnuQrCjvRXItcjhbD27dVFEk7lVqJHbuI696qc=
github.com/pmylund/go-cache v2.0.0+incompatible/go.mod h1:hmz95dGvINpbRZGsqPcd7B5xXY5+EKb5PpGhQY3NTHk=
github.com/satori/go.uuid v1.1.0 h1:B9KXyj+GzIpJbV7gmr873NsY6zpbxNy24CBtGrk7jHo=
github.com/satori/go.uuid v1.1.0/go.mod h1:dA0hQrYB0VpLJoorglMZABFdXlWrHn1NEOzdhQKdks0=
github.com/stretchr/testify v1.2.2/go.mod h1:a8OnRcib4nhh0OaRAV+Yts87kKdq0PP7pXfy6kDkUVs=
golang.org/x/crypto v0.0.0-20160518162255-5bcd134fee4d h1:CkklL78uSDyebSDV+zEF7TrTI9P0YDzO1EktwXm0qyI=
golang.org/x/crypto v0.0.0-20160518162255-5bcd134fee4d/go.mod h1:6SG95UA2DQfeDnfUPMdvaQW0Q7yPrPDi9nlGo2tz2b4=
golang.org/x/crypto v0.0.0-20190308221718-c2843e01d9a2/go.mod h1:djNgcEr1/C05ACkg1iLfiJU5Ep61QUkGW8qpdssI0+w=
golang.org/x/crypto v0.0.0-20201016220609-9e8e0b390897 h1:pLI5jrR7OSLijeIDcmRxNmw2api+jEfxLoykJVice/E=
golang.org/x/crypto v0.0.0-20201016220609-9e8e0b390897/go.mod h1:LzIPMQfyMNhhGPhUkYOs5KpL4U8rLKemX1yGLhDgUto=
golang.org/x/net v0.0.0-20190404232315-eb5bcb51f2a3/go.mod h1:t9HGtf8HONx5eT2rtn7q6eTqICYqUVnKs3thJo3Qplg=
golang.org/x/sys v0.0.0-20170512181032-f845067cf72a h1:gyOXZgQdhRsQsExbAdu8mj7Rzw3D29rI02UMfcvq1o4=
golang.org/x/sys v0.0.0-20170512181032-f845067cf72a/go.mod h1:STP8DvDyc/dI5b8T5hshtkjS+E42TnysNCUPdjciGhY=
golang.org/x/sys v0.0.0-20190215142949-d0b11bdaac8a/go.mod h1:STP8DvDyc/dI5b8T5hshtkjS+E42TnysNCUPdjciGhY=
golang.org/x/sys v0.0.0-20190412213103-97732733099d/go.mod h1:h1NjWce9XRLGQEsW7wpKNCjG9DtNlClVuFLEZdDNbEs=
golang.org/x/sys v0.0.0-20201022201747-fb209a7c41cd h1:WgqgiQvkiZWz7XLhphjt2GI2GcGCTIZs9jqXMWmH+oc=
golang.org/x/sys v0.0.0-20201022201747-fb209a7c41cd/go.mod h1:h1NjWce9XRLGQEsW7wpKNCjG9DtNlClVuFLEZdDNbEs=
golang.org/x/text v0.3.0/go.mod h1:NqM8EUOU14njkJ3fqMW+pc6Ldnwhi/IjpwHt7yyuwOQ=
gopkg.in/AlecAivazis/survey.v1 v1.4.1 h1:r9oZXE7hF7CsbiHdgGBEVIvy4E6QH64gQ+UGugPCPtI=
gopkg.in/AlecAivazis/survey.v1 v1.4.1/go.mod h1:2Ehl7OqkBl3Xb8VmC4oFW2bItAhnUfzIjrOzwRxCrOU=
gopkg.in/godo.v2 v2.0.9/go.mod h1:wgvPPKLsWN0hPIJ4JyxvFGGbIW3fJMSrXhdvSuZ1z/8=
gopkg.in/stretchr/testify.v1 v1.1.4 h1:uFGKWu3BZZmCflbTclcFQJ6vDuVL+JDq1M+jZzL6cks=
gopkg.in/stretchr/testify.v1 v1.1.4/go.mod h1:QI5V/q6UbPmuhtm10CaFZxED9NreB8PnFYN9JcR6TxU=
